# This file is automatically @generated by Cargo.
# It is not intended for manual editing.
version = 4

[[package]]
name = "sol-engine"
version = "0.1.0"

[[package]]
name = "sol-presenter"
version = "0.1.0"

[[package]]
name = "sol-qt"
version = "0.1.0"

[[package]]
name = "sol-render-wgpu"
version = "0.1.0"

[[package]]
name = "sol-session"
version = "0.1.0"

[[package]]
name = "sol-shell"
version = "0.1.0"

[[package]]
name = "sol-theme"
version = "0.1.0"

[[package]]
name = "sol-win32"
version = "0.1.0"

[[package]]
name = "soltool"
version = "0.1.0"
